// !$*UTF8*$!
{
	archiveVersion = 1;
	classes = {
	};
	objectVersion = 50;
	objects = {

/* Begin PBXBuildFile section */
		74EC77B225D81F0A00669289 /* AppDelegate.swift in Sources */ = {isa = PBXBuildFile; fileRef = 74EC77B125D81F0A00669289 /* AppDelegate.swift */; };
		74EC77B425D81F0A00669289 /* SceneDelegate.swift in Sources */ = {isa = PBXBuildFile; fileRef = 74EC77B325D81F0A00669289 /* SceneDelegate.swift */; };
		74EC77B625D81F0A00669289 /* ViewController.swift in Sources */ = {isa = PBXBuildFile; fileRef = 74EC77B525D81F0A00669289 /* ViewController.swift */; };
		74EC77B925D81F0A00669289 /* Main.storyboard in Resources */ = {isa = PBXBuildFile; fileRef = 74EC77B725D81F0A00669289 /* Main.storyboard */; };
		74EC77BB25D81F0B00669289 /* Assets.xcassets in Resources */ = {isa = PBXBuildFile; fileRef = 74EC77BA25D81F0B00669289 /* Assets.xcassets */; };
		74EC77BE25D81F0B00669289 /* LaunchScreen.storyboard in Resources */ = {isa = PBXBuildFile; fileRef = 74EC77BC25D81F0B00669289 /* LaunchScreen.storyboard */; };
/* End PBXBuildFile section */

/* Begin PBXFileReference section */
		74EC77AE25D81F0A00669289 /* RedditApp.app */ = {isa = PBXFileReference; explicitFileType = wrapper.application; includeInIndex = 0; path = RedditApp.app; sourceTree = BUILT_PRODUCTS_DIR; };
		74EC77B125D81F0A00669289 /* AppDelegate.swift */ = {isa = PBXFileReference; lastKnownFileType = sourcecode.swift; path = AppDelegate.swift; sourceTree = "<group>"; };
		74EC77B325D81F0A00669289 /* SceneDelegate.swift */ = {isa = PBXFileReference; lastKnownFileType = sourcecode.swift; path = SceneDelegate.swift; sourceTree = "<group>"; };
		74EC77B525D81F0A00669289 /* ViewController.swift */ = {isa = PBXFileReference; lastKnownFileType = sourcecode.swift; path = ViewController.swift; sourceTree = "<group>"; };
		74EC77B825D81F0A00669289 /* Base */ = {isa = PBXFileReference; lastKnownFileType = file.storyboard; name = Base; path = Base.lproj/Main.storyboard; sourceTree = "<group>"; };
		74EC77BA25D81F0B00669289 /* Assets.xcassets */ = {isa = PBXFileReference; lastKnownFileType = folder.assetcatalog; path = Assets.xcassets; sourceTree = "<group>"; };
		74EC77BD25D81F0B00669289 /* Base */ = {isa = PBXFileReference; lastKnownFileType = file.storyboard; name = Base; path = Base.lproj/LaunchScreen.storyboard; sourceTree = "<group>"; };
		74EC77BF25D81F0B00669289 /* Info.plist */ = {isa = PBXFileReference; lastKnownFileType = text.plist.xml; path = Info.plist; sourceTree = "<group>"; };
/* End PBXFileReference section */

/* Begin PBXFrameworksBuildPhase section */
		74EC77AB25D81F0A00669289 /* Frameworks */ = {
			isa = PBXFrameworksBuildPhase;
			buildActionMask = 2147483647;
			files = (
			);
			runOnlyForDeploymentPostprocessing = 0;
		};
/* End PBXFrameworksBuildPhase section */

/* Begin PBXGroup section */
		74EC77A525D81F0A00669289 = {
			isa = PBXGroup;
			children = (
				74EC77B025D81F0A00669289 /* RedditApp */,
				74EC77AF25D81F0A00669289 /* Products */,
			);
			sourceTree = "<group>";
		};
		74EC77AF25D81F0A00669289 /* Products */ = {
			isa = PBXGroup;
			children = (
				74EC77AE25D81F0A00669289 /* RedditApp.app */,
			);
			name = Products;
			sourceTree = "<group>";
		};
		74EC77B025D81F0A00669289 /* RedditApp */ = {
			isa = PBXGroup;
			children = (
				74EC77B125D81F0A00669289 /* AppDelegate.swift */,
				74EC77B325D81F0A00669289 /* SceneDelegate.swift */,
				74EC77B525D81F0A00669289 /* ViewController.swift */,
				74EC77B725D81F0A00669289 /* Main.storyboard */,
				74EC77BA25D81F0B00669289 /* Assets.xcassets */,
				74EC77BC25D81F0B00669289 /* LaunchScreen.storyboard */,
				74EC77BF25D81F0B00669289 /* Info.plist */,
			);
			path = RedditApp;
			sourceTree = "<group>";
		};
/* End PBXGroup section */

/* Begin PBXNativeTarget section */
		74EC77AD25D81F0A00669289 /* RedditApp */ = {
			isa = PBXNativeTarget;
			buildConfigurationList = 74EC77C225D81F0B00669289 /* Build configuration list for PBXNativeTarget "RedditApp" */;
			buildPhases = (
				74EC77AA25D81F0A00669289 /* Sources */,
				74EC77AB25D81F0A00669289 /* Frameworks */,
				74EC77AC25D81F0A00669289 /* Resources */,
			);
			buildRules = (
			);
			dependencies = (
			);
			name = RedditApp;
			productName = RedditApp;
			productReference = 74EC77AE25D81F0A00669289 /* RedditApp.app */;
			productType = "com.apple.product-type.application";
		};
/* End PBXNativeTarget section */

/* Begin PBXProject section */
		74EC77A625D81F0A00669289 /* Project object */ = {
			isa = PBXProject;
			attributes = {
				LastSwiftUpdateCheck = 1230;
				LastUpgradeCheck = 1230;
				TargetAttributes = {
					74EC77AD25D81F0A00669289 = {
						CreatedOnToolsVersion = 12.3;
					};
				};
			};
			buildConfigurationList = 74EC77A925D81F0A00669289 /* Build configuration list for PBXProject "RedditApp" */;
			compatibilityVersion = "Xcode 9.3";
			developmentRegion = en;
			hasScannedForEncodings = 0;
			knownRegions = (
				en,
				Base,
			);
			mainGroup = 74EC77A525D81F0A00669289;
			productRefGroup = 74EC77AF25D81F0A00669289 /* Products */;
			projectDirPath = "";
			projectRoot = "";
			targets = (
				74EC77AD25D81F0A00669289 /* RedditApp */,
			);
		};
/* End PBXProject section */

/* Begin PBXResourcesBuildPhase section */
		74EC77AC25D81F0A00669289 /* Resources */ = {
			isa = PBXResourcesBuildPhase;
			buildActionMask = 2147483647;
			files = (
				74EC77BE25D81F0B00669289 /* LaunchScreen.storyboard in Resources */,
				74EC77BB25D81F0B00669289 /* Assets.xcassets in Resources */,
				74EC77B925D81F0A00669289 /* Main.storyboard in Resources */,
			);
			runOnlyForDeploymentPostprocessing = 0;
		};
/* End PBXResourcesBuildPhase section */

/* Begin PBXSourcesBuildPhase section */
		74EC77AA25D81F0A00669289 /* Sources */ = {
			isa = PBXSourcesBuildPhase;
			buildActionMask = 2147483647;
			files = (
				74EC77B625D81F0A00669289 /* ViewController.swift in Sources */,
				74EC77B225D81F0A00669289 /* AppDelegate.swift in Sources */,
				74EC77B425D81F0A00669289 /* SceneDelegate.swift in Sources */,
			);
			runOnlyForDeploymentPostprocessing = 0;
		};
/* End PBXSourcesBuildPhase section */

/* Begin PBXVariantGroup section */
		74EC77B725D81F0A00669289 /* Main.storyboard */ = {
			isa = PBXVariantGroup;
			children = (
				74EC77B825D81F0A00669289 /* Base */,
			);
			name = Main.storyboard;
			sourceTree = "<group>";
		};
		74EC77BC25D81F0B00669289 /* LaunchScreen.storyboard */ = {
			isa = PBXVariantGroup;
			children = (
				74EC77BD25D81F0B00669289 /* Base */,
			);
			name = LaunchScreen.storyboard;
			sourceTree = "<group>";
		};
/* End PBXVariantGroup section */

/* Begin XCBuildConfiguration section */
		74EC77C025D81F0B00669289 /* Debug */ = {
			isa = XCBuildConfiguration;
			buildSettings = {
				ALWAYS_SEARCH_USER_PATHS = NO;
				CLANG_ANALYZER_NONNULL = YES;
				CLANG_ANALYZER_NUMBER_OBJECT_CONVERSION = YES_AGGRESSIVE;
				CLANG_CXX_LANGUAGE_STANDARD = "gnu++14";
				CLANG_CXX_LIBRARY = "libc++";
				CLANG_ENABLE_MODULES = YES;
				CLANG_ENABLE_OBJC_ARC = YES;
				CLANG_ENABLE_OBJC_WEAK = YES;
				CLANG_WARN_BLOCK_CAPTURE_AUTORELEASING = YES;
				CLANG_WARN_BOOL_CONVERSION = YES;
				CLANG_WARN_COMMA = YES;
				CLANG_WARN_CONSTANT_CONVERSION = YES;
				CLANG_WARN_DEPRECATED_OBJC_IMPLEMENTATIONS = YES;
				CLANG_WARN_DIRECT_OBJC_ISA_USAGE = YES_ERROR;
				CLANG_WARN_DOCUMENTATION_COMMENTS = YES;
				CLANG_WARN_EMPTY_BODY = YES;
				CLANG_WARN_ENUM_CONVERSION = YES;
				CLANG_WARN_INFINITE_RECURSION = YES;
				CLANG_WARN_INT_CONVERSION = YES;
				CLANG_WARN_NON_LITERAL_NULL_CONVERSION = YES;
				CLANG_WARN_OBJC_IMPLICIT_RETAIN_SELF = YES;
				CLANG_WARN_OBJC_LITERAL_CONVERSION = YES;
				CLANG_WARN_OBJC_ROOT_CLASS = YES_ERROR;
				CLANG_WARN_QUOTED_INCLUDE_IN_FRAMEWORK_HEADER = YES;
				CLANG_WARN_RANGE_LOOP_ANALYSIS = YES;
				CLANG_WARN_STRICT_PROTOTYPES = YES;
				CLANG_WARN_SUSPICIOUS_MOVE = YES;
				CLANG_WARN_UNGUARDED_AVAILABILITY = YES_AGGRESSIVE;
				CLANG_WARN_UNREACHABLE_CODE = YES;
				CLANG_WARN__DUPLICATE_METHOD_MATCH = YES;
				COPY_PHASE_STRIP = NO;
				DEBUG_INFORMATION_FORMAT = dwarf;
				ENABLE_STRICT_OBJC_MSGSEND = YES;
				ENABLE_TESTABILITY = YES;
				GCC_C_LANGUAGE_STANDARD = gnu11;
				GCC_DYNAMIC_NO_PIC = NO;
				GCC_NO_COMMON_BLOCKS = YES;
				GCC_OPTIMIZATION_LEVEL = 0;
				GCC_PREPROCESSOR_DEFINITIONS = (
					"DEBUG=1",
					"$(inherited)",
				);
				GCC_WARN_64_TO_32_BIT_CONVERSION = YES;
				GCC_WARN_ABOUT_RETURN_TYPE = YES_ERROR;
				GCC_WARN_UNDECLARED_SELECTOR = YES;
				GCC_WARN_UNINITIALIZED_AUTOS = YES_AGGRESSIVE;
				GCC_WARN_UNUSED_FUNCTION = YES;
				GCC_WARN_UNUSED_VARIABLE = YES;
				IPHONEOS_DEPLOYMENT_TARGET = 14.3;
				MTL_ENABLE_DEBUG_INFO = INCLUDE_SOURCE;
				MTL_FAST_MATH = YES;
				ONLY_ACTIVE_ARCH = YES;
				SDKROOT = iphoneos;
				SWIFT_ACTIVE_COMPILATION_CONDITIONS = DEBUG;
				SWIFT_OPTIMIZATION_LEVEL = "-Onone";
			};
			name = Debug;
		};
		74EC77C125D81F0B00669289 /* Release */ = {
			isa = XCBuildConfiguration;
			buildSettings = {
				ALWAYS_SEARCH_USER_PATHS = NO;
				CLANG_ANALYZER_NONNULL = YES;
				CLANG_ANALYZER_NUMBER_OBJECT_CONVERSION = YES_AGGRESSIVE;
				CLANG_CXX_LANGUAGE_STANDARD = "gnu++14";
				CLANG_CXX_LIBRARY = "libc++";
				CLANG_ENABLE_MODULES = YES;
				CLANG_ENABLE_OBJC_ARC = YES;
				CLANG_ENABLE_OBJC_WEAK = YES;
				CLANG_WARN_BLOCK_CAPTURE_AUTORELEASING = YES;
				CLANG_WARN_BOOL_CONVERSION = YES;
				CLANG_WARN_COMMA = YES;
				CLANG_WARN_CONSTANT_CONVERSION = YES;
				CLANG_WARN_DEPRECATED_OBJC_IMPLEMENTATIONS = YES;
				CLANG_WARN_DIRECT_OBJC_ISA_USAGE = YES_ERROR;
				CLANG_WARN_DOCUMENTATION_COMMENTS = YES;
				CLANG_WARN_EMPTY_BODY = YES;
				CLANG_WARN_ENUM_CONVERSION = YES;
				CLANG_WARN_INFINITE_RECURSION = YES;
				CLANG_WARN_INT_CONVERSION = YES;
				CLANG_WARN_NON_LITERAL_NULL_CONVERSION = YES;
				CLANG_WARN_OBJC_IMPLICIT_RETAIN_SELF = YES;
				CLANG_WARN_OBJC_LITERAL_CONVERSION = YES;
				CLANG_WARN_OBJC_ROOT_CLASS = YES_ERROR;
				CLANG_WARN_QUOTED_INCLUDE_IN_FRAMEWORK_HEADER = YES;
				CLANG_WARN_RANGE_LOOP_ANALYSIS = YES;
				CLANG_WARN_STRICT_PROTOTYPES = YES;
				CLANG_WARN_SUSPICIOUS_MOVE = YES;
				CLANG_WARN_UNGUARDED_AVAILABILITY = YES_AGGRESSIVE;
				CLANG_WARN_UNREACHABLE_CODE = YES;
				CLANG_WARN__DUPLICATE_METHOD_MATCH = YES;
				COPY_PHASE_STRIP = NO;
				DEBUG_INFORMATION_FORMAT = "dwarf-with-dsym";
				ENABLE_NS_ASSERTIONS = NO;
				ENABLE_STRICT_OBJC_MSGSEND = YES;
				GCC_C_LANGUAGE_STANDARD = gnu11;
				GCC_NO_COMMON_BLOCKS = YES;
				GCC_WARN_64_TO_32_BIT_CONVERSION = YES;
				GCC_WARN_ABOUT_RETURN_TYPE = YES_ERROR;
				GCC_WARN_UNDECLARED_SELECTOR = YES;
				GCC_WARN_UNINITIALIZED_AUTOS = YES_AGGRESSIVE;
				GCC_WARN_UNUSED_FUNCTION = YES;
				GCC_WARN_UNUSED_VARIABLE = YES;
				IPHONEOS_DEPLOYMENT_TARGET = 14.3;
				MTL_ENABLE_DEBUG_INFO = NO;
				MTL_FAST_MATH = YES;
				SDKROOT = iphoneos;
				SWIFT_COMPILATION_MODE = wholemodule;
				SWIFT_OPTIMIZATION_LEVEL = "-O";
				VALIDATE_PRODUCT = YES;
			};
			name = Release;
		};
		74EC77C325D81F0B00669289 /* Debug */ = {
			isa = XCBuildConfiguration;
			buildSettings = {
				ASSETCATALOG_COMPILER_APPICON_NAME = AppIcon;
				ASSETCATALOG_COMPILER_GLOBAL_ACCENT_COLOR_NAME = AccentColor;
				CODE_SIGN_STYLE = Automatic;
				INFOPLIST_FILE = RedditApp/Info.plist;
				LD_RUNPATH_SEARCH_PATHS = (
					"$(inherited)",
					"@executable_path/Frameworks",
				);
				PRODUCT_BUNDLE_IDENTIFIER = aaa.RedditApp;
				PRODUCT_NAME = "$(TARGET_NAME)";
				SWIFT_VERSION = 5.0;
				TARGETED_DEVICE_FAMILY = "1,2";
			};
			name = Debug;
		};
		74EC77C425D81F0B00669289 /* Release */ = {
			isa = XCBuildConfiguration;
			buildSettings = {
				ASSETCATALOG_COMPILER_APPICON_NAME = AppIcon;
				ASSETCATALOG_COMPILER_GLOBAL_ACCENT_COLOR_NAME = AccentColor;
				CODE_SIGN_STYLE = Automatic;
				INFOPLIST_FILE = RedditApp/Info.plist;
				LD_RUNPATH_SEARCH_PATHS = (
					"$(inherited)",
					"@executable_path/Frameworks",
				);
				PRODUCT_BUNDLE_IDENTIFIER = aaa.RedditApp;
				PRODUCT_NAME = "$(TARGET_NAME)";
				SWIFT_VERSION = 5.0;
				TARGETED_DEVICE_FAMILY = "1,2";
			};
			name = Release;
		};
/* End XCBuildConfiguration section */

/* Begin XCConfigurationList section */
		74EC77A925D81F0A00669289 /* Build configuration list for PBXProject "RedditApp" */ = {
			isa = XCConfigurationList;
			buildConfigurations = (
				74EC77C025D81F0B00669289 /* Debug */,
				74EC77C125D81F0B00669289 /* Release */,
			);
			defaultConfigurationIsVisible = 0;
			defaultConfigurationName = Release;
		};
		74EC77C225D81F0B00669289 /* Build configuration list for PBXNativeTarget "RedditApp" */ = {
			isa = XCConfigurationList;
			buildConfigurations = (
				74EC77C325D81F0B00669289 /* Debug */,
				74EC77C425D81F0B00669289 /* Release */,
			);
			defaultConfigurationIsVisible = 0;
			defaultConfigurationName = Release;
		};
/* End XCConfigurationList section */
	};
	rootObject = 74EC77A625D81F0A00669289 /* Project object */;
}
